
Microsoft Visual Studio Solution File, Format Version 12.00
# Visual Studio Version 16
VisualStudioVersion = 16.0.29326.143
MinimumVisualStudioVersion = 10.0.40219.1
Project("{FAE04EC0-301F-11D3-BF4B-00C04F79EFBC}") = "KiemTraKetThucMon2", "KiemTraKetThucMon2\KiemTraKetThucMon2.csproj", "{DDC081DD-7BEB-4083-845B-86786C6BDADA}"
EndProject
Global
	GlobalSection(SolutionConfigurationPlatforms) = preSolution
		Debug|Any CPU = Debug|Any CPU
		Release|Any CPU = Release|Any CPU
	EndGlobalSection
	GlobalSection(ProjectConfigurationPlatforms) = postSolution
		{DDC081DD-7BEB-4083-845B-86786C6BDADA}.Debug|Any CPU.ActiveCfg = Debug|Any CPU
		{DDC081DD-7BEB-4083-845B-86786C6BDADA}.Debug|Any CPU.Build.0 = Debug|Any CPU
		{DDC081DD-7BEB-4083-845B-86786C6BDADA}.Release|Any CPU.ActiveCfg = Release|Any CPU
		{DDC081DD-7BEB-4083-845B-86786C6BDADA}.Release|Any CPU.Build.0 = Release|Any CPU
	EndGlobalSection
	GlobalSection(SolutionProperties) = preSolution
		HideSolutionNode = FALSE
	EndGlobalSection
	GlobalSection(ExtensibilityGlobals) = postSolution
		SolutionGuid = {59BFFDA8-7617-4ADA-9661-FFA0B5A34044}
	EndGlobalSection
EndGlobal
